
Microsoft Visual Studio Solution File, Format Version 12.00
# Visual Studio Version 17
VisualStudioVersion = 17.0.31423.177
MinimumVisualStudioVersion = 10.0.40219.1
Project("{8BC9CEB8-8B4A-11D0-8D11-00A0C91BC942}") = "pathfinder", "pathfinder\pathfinder.vcxproj", "{29C53DBE-0E88-4B00-82F3-3DD88D0FB128}"
EndProject
Project("{8BC9CEB8-8B4A-11D0-8D11-00A0C91BC942}") = "googlemock", "submodules\googletest\googlemock\googlemock.vcxproj", "{D093761A-08DF-4A74-A0E3-F34DB77A2118}"
EndProject
Project("{8BC9CEB8-8B4A-11D0-8D11-00A0C91BC942}") = "googletest", "submodules\googletest\googletest\googletest.vcxproj", "{0DB6A04F-669B-47B3-9689-7B1A7F4C0943}"
EndProject
Project("{8BC9CEB8-8B4A-11D0-8D11-00A0C91BC942}") = "Logger", "submodules\Logger\Logger\Logger.vcxproj", "{C70B3386-504D-4540-A1BE-7D00C2347AE9}"
EndProject
Project("{8BC9CEB8-8B4A-11D0-8D11-00A0C91BC942}") = "SCEF", "submodules\SCEF\SCEF\SCEF.vcxproj", "{E02AD9B7-192B-490C-8CAC-85726836FB18}"
EndProject
Project("{8BC9CEB8-8B4A-11D0-8D11-00A0C91BC942}") = "CoreLib", "submodules\utilities\CoreLib\CoreLib.vcxproj", "{EA04E8E6-B05B-416E-B0A3-218406672173}"
EndProject
Project("{8BC9CEB8-8B4A-11D0-8D11-00A0C91BC942}") = "pathfinderLib", "pathfinderLib\pathfinderLib.vcxproj", "{2F47F5D8-F373-4162-BDB4-537630481954}"
EndProject
Project("{8BC9CEB8-8B4A-11D0-8D11-00A0C91BC942}") = "LogLib", "submodules\Logger\LogLib\LogLib.vcxproj", "{8A84CFAF-D0D5-427A-B70E-84DD047D8575}"
EndProject
Global
	GlobalSection(SolutionConfigurationPlatforms) = preSolution
		Debug|x64 = Debug|x64
		Release|x64 = Release|x64
		WSL_Debug|x64 = WSL_Debug|x64
		WSL_Release|x64 = WSL_Release|x64
	EndGlobalSection
	GlobalSection(ProjectConfigurationPlatforms) = postSolution
		{29C53DBE-0E88-4B00-82F3-3DD88D0FB128}.Debug|x64.ActiveCfg = Debug|x64
		{29C53DBE-0E88-4B00-82F3-3DD88D0FB128}.Debug|x64.Build.0 = Debug|x64
		{29C53DBE-0E88-4B00-82F3-3DD88D0FB128}.Release|x64.ActiveCfg = Release|x64
		{29C53DBE-0E88-4B00-82F3-3DD88D0FB128}.Release|x64.Build.0 = Release|x64
		{29C53DBE-0E88-4B00-82F3-3DD88D0FB128}.WSL_Debug|x64.ActiveCfg = WSL_Debug|x64
		{29C53DBE-0E88-4B00-82F3-3DD88D0FB128}.WSL_Debug|x64.Build.0 = WSL_Debug|x64
		{29C53DBE-0E88-4B00-82F3-3DD88D0FB128}.WSL_Release|x64.ActiveCfg = WSL_Release|x64
		{29C53DBE-0E88-4B00-82F3-3DD88D0FB128}.WSL_Release|x64.Build.0 = WSL_Release|x64
		{D093761A-08DF-4A74-A0E3-F34DB77A2118}.Debug|x64.ActiveCfg = Debug|x64
		{D093761A-08DF-4A74-A0E3-F34DB77A2118}.Debug|x64.Build.0 = Debug|x64
		{D093761A-08DF-4A74-A0E3-F34DB77A2118}.Release|x64.ActiveCfg = Release|x64
		{D093761A-08DF-4A74-A0E3-F34DB77A2118}.Release|x64.Build.0 = Release|x64
		{D093761A-08DF-4A74-A0E3-F34DB77A2118}.WSL_Debug|x64.ActiveCfg = WSL_Debug|x64
		{D093761A-08DF-4A74-A0E3-F34DB77A2118}.WSL_Debug|x64.Build.0 = WSL_Debug|x64
		{D093761A-08DF-4A74-A0E3-F34DB77A2118}.WSL_Debug|x64.Deploy.0 = WSL_Debug|x64
		{D093761A-08DF-4A74-A0E3-F34DB77A2118}.WSL_Release|x64.ActiveCfg = WSL_Release|x64
		{D093761A-08DF-4A74-A0E3-F34DB77A2118}.WSL_Release|x64.Build.0 = WSL_Release|x64
		{D093761A-08DF-4A74-A0E3-F34DB77A2118}.WSL_Release|x64.Deploy.0 = WSL_Release|x64
		{0DB6A04F-669B-47B3-9689-7B1A7F4C0943}.Debug|x64.ActiveCfg = Debug|x64
		{0DB6A04F-669B-47B3-9689-7B1A7F4C0943}.Debug|x64.Build.0 = Debug|x64
		{0DB6A04F-669B-47B3-9689-7B1A7F4C0943}.Release|x64.ActiveCfg = Release|x64
		{0DB6A04F-669B-47B3-9689-7B1A7F4C0943}.Release|x64.Build.0 = Release|x64
		{0DB6A04F-669B-47B3-9689-7B1A7F4C0943}.WSL_Debug|x64.ActiveCfg = WSL_Debug|x64
		{0DB6A04F-669B-47B3-9689-7B1A7F4C0943}.WSL_Debug|x64.Build.0 = WSL_Debug|x64
		{0DB6A04F-669B-47B3-9689-7B1A7F4C0943}.WSL_Debug|x64.Deploy.0 = WSL_Debug|x64
		{0DB6A04F-669B-47B3-9689-7B1A7F4C0943}.WSL_Release|x64.ActiveCfg = WSL_Release|x64
		{0DB6A04F-669B-47B3-9689-7B1A7F4C0943}.WSL_Release|x64.Build.0 = WSL_Release|x64
		{0DB6A04F-669B-47B3-9689-7B1A7F4C0943}.WSL_Release|x64.Deploy.0 = WSL_Release|x64
		{C70B3386-504D-4540-A1BE-7D00C2347AE9}.Debug|x64.ActiveCfg = Debug|x64
		{C70B3386-504D-4540-A1BE-7D00C2347AE9}.Debug|x64.Build.0 = Debug|x64
		{C70B3386-504D-4540-A1BE-7D00C2347AE9}.Release|x64.ActiveCfg = Release|x64
		{C70B3386-504D-4540-A1BE-7D00C2347AE9}.Release|x64.Build.0 = Release|x64
		{C70B3386-504D-4540-A1BE-7D00C2347AE9}.WSL_Debug|x64.ActiveCfg = WSL_Debug|x64
		{C70B3386-504D-4540-A1BE-7D00C2347AE9}.WSL_Debug|x64.Build.0 = WSL_Debug|x64
		{C70B3386-504D-4540-A1BE-7D00C2347AE9}.WSL_Debug|x64.Deploy.0 = WSL_Debug|x64
		{C70B3386-504D-4540-A1BE-7D00C2347AE9}.WSL_Release|x64.ActiveCfg = WSL_Release|x64
		{C70B3386-504D-4540-A1BE-7D00C2347AE9}.WSL_Release|x64.Build.0 = WSL_Release|x64
		{C70B3386-504D-4540-A1BE-7D00C2347AE9}.WSL_Release|x64.Deploy.0 = WSL_Release|x64
		{E02AD9B7-192B-490C-8CAC-85726836FB18}.Debug|x64.ActiveCfg = Debug|x64
		{E02AD9B7-192B-490C-8CAC-85726836FB18}.Debug|x64.Build.0 = Debug|x64
		{E02AD9B7-192B-490C-8CAC-85726836FB18}.Release|x64.ActiveCfg = Release|x64
		{E02AD9B7-192B-490C-8CAC-85726836FB18}.Release|x64.Build.0 = Release|x64
		{E02AD9B7-192B-490C-8CAC-85726836FB18}.WSL_Debug|x64.ActiveCfg = WSL_Debug|x64
		{E02AD9B7-192B-490C-8CAC-85726836FB18}.WSL_Debug|x64.Build.0 = WSL_Debug|x64
		{E02AD9B7-192B-490C-8CAC-85726836FB18}.WSL_Debug|x64.Deploy.0 = WSL_Debug|x64
		{E02AD9B7-192B-490C-8CAC-85726836FB18}.WSL_Release|x64.ActiveCfg = WSL_Release|x64
		{E02AD9B7-192B-490C-8CAC-85726836FB18}.WSL_Release|x64.Build.0 = WSL_Release|x64
		{E02AD9B7-192B-490C-8CAC-85726836FB18}.WSL_Release|x64.Deploy.0 = WSL_Release|x64
		{EA04E8E6-B05B-416E-B0A3-218406672173}.Debug|x64.ActiveCfg = Debug|x64
		{EA04E8E6-B05B-416E-B0A3-218406672173}.Debug|x64.Build.0 = Debug|x64
		{EA04E8E6-B05B-416E-B0A3-218406672173}.Release|x64.ActiveCfg = Release|x64
		{EA04E8E6-B05B-416E-B0A3-218406672173}.Release|x64.Build.0 = Release|x64
		{EA04E8E6-B05B-416E-B0A3-218406672173}.WSL_Debug|x64.ActiveCfg = WSL_Debug|x64
		{EA04E8E6-B05B-416E-B0A3-218406672173}.WSL_Debug|x64.Build.0 = WSL_Debug|x64
		{EA04E8E6-B05B-416E-B0A3-218406672173}.WSL_Debug|x64.Deploy.0 = WSL_Debug|x64
		{EA04E8E6-B05B-416E-B0A3-218406672173}.WSL_Release|x64.ActiveCfg = WSL_Release|x64
		{EA04E8E6-B05B-416E-B0A3-218406672173}.WSL_Release|x64.Build.0 = WSL_Release|x64
		{EA04E8E6-B05B-416E-B0A3-218406672173}.WSL_Release|x64.Deploy.0 = WSL_Release|x64
		{2F47F5D8-F373-4162-BDB4-537630481954}.Debug|x64.ActiveCfg = Debug|x64
		{2F47F5D8-F373-4162-BDB4-537630481954}.Debug|x64.Build.0 = Debug|x64
		{2F47F5D8-F373-4162-BDB4-537630481954}.Release|x64.ActiveCfg = Release|x64
		{2F47F5D8-F373-4162-BDB4-537630481954}.Release|x64.Build.0 = Release|x64
		{2F47F5D8-F373-4162-BDB4-537630481954}.WSL_Debug|x64.ActiveCfg = WSL_Debug|x64
		{2F47F5D8-F373-4162-BDB4-537630481954}.WSL_Debug|x64.Build.0 = WSL_Debug|x64
		{2F47F5D8-F373-4162-BDB4-537630481954}.WSL_Debug|x64.Deploy.0 = WSL_Debug|x64
		{2F47F5D8-F373-4162-BDB4-537630481954}.WSL_Release|x64.ActiveCfg = WSL_Release|x64
		{2F47F5D8-F373-4162-BDB4-537630481954}.WSL_Release|x64.Build.0 = WSL_Release|x64
		{2F47F5D8-F373-4162-BDB4-537630481954}.WSL_Release|x64.Deploy.0 = WSL_Release|x64
		{8A84CFAF-D0D5-427A-B70E-84DD047D8575}.Debug|x64.ActiveCfg = Debug|x64
		{8A84CFAF-D0D5-427A-B70E-84DD047D8575}.Debug|x64.Build.0 = Debug|x64
		{8A84CFAF-D0D5-427A-B70E-84DD047D8575}.Release|x64.ActiveCfg = Release|x64
		{8A84CFAF-D0D5-427A-B70E-84DD047D8575}.Release|x64.Build.0 = Release|x64
		{8A84CFAF-D0D5-427A-B70E-84DD047D8575}.WSL_Debug|x64.ActiveCfg = WSL_Debug|x64
		{8A84CFAF-D0D5-427A-B70E-84DD047D8575}.WSL_Debug|x64.Build.0 = WSL_Debug|x64
		{8A84CFAF-D0D5-427A-B70E-84DD047D8575}.WSL_Debug|x64.Deploy.0 = WSL_Debug|x64
		{8A84CFAF-D0D5-427A-B70E-84DD047D8575}.WSL_Release|x64.ActiveCfg = WSL_Release|x64
		{8A84CFAF-D0D5-427A-B70E-84DD047D8575}.WSL_Release|x64.Build.0 = WSL_Release|x64
		{8A84CFAF-D0D5-427A-B70E-84DD047D8575}.WSL_Release|x64.Deploy.0 = WSL_Release|x64
	EndGlobalSection
	GlobalSection(SolutionProperties) = preSolution
		HideSolutionNode = FALSE
	EndGlobalSection
	GlobalSection(ExtensibilityGlobals) = postSolution
		SolutionGuid = {34F74B58-5EA2-4316-9B89-4F772CB924D3}
	EndGlobalSection
EndGlobal
